
Microsoft Visual Studio Solution File, Format Version 12.00
# Visual Studio 15
VisualStudioVersion = 15.0.27130.2036
MinimumVisualStudioVersion = 10.0.40219.1
Project("{FAE04EC0-301F-11D3-BF4B-00C04F79EFBC}") = "QRXamarin.Android", "QRXamarin\QRXamarin.Android\QRXamarin.Android.csproj", "{35AB7534-7D15-4CB4-89FB-F23AB6383434}"
EndProject
Project("{FAE04EC0-301F-11D3-BF4B-00C04F79EFBC}") = "QRXamarin.iOS", "QRXamarin\QRXamarin.iOS\QRXamarin.iOS.csproj", "{7A3737C9-7D5C-4442-A38F-BC6DDA66294E}"
EndProject
Project("{FAE04EC0-301F-11D3-BF4B-00C04F79EFBC}") = "QRXamarin.UWP", "QRXamarin\QRXamarin.UWP\QRXamarin.UWP.csproj", "{CA7B8155-E548-4559-BB42-1791EBCE5C24}"
EndProject
Project("{FAE04EC0-301F-11D3-BF4B-00C04F79EFBC}") = "QRXamarin", "QRXamarin\QRXamarin\QRXamarin.csproj", "{C1FEC958-41C2-463D-B7C0-65D74CC5B4F2}"
EndProject
Global
	GlobalSection(SolutionConfigurationPlatforms) = preSolution
		Ad-Hoc|Any CPU = Ad-Hoc|Any CPU
		Ad-Hoc|ARM = Ad-Hoc|ARM
		Ad-Hoc|iPhone = Ad-Hoc|iPhone
		Ad-Hoc|iPhoneSimulator = Ad-Hoc|iPhoneSimulator
		Ad-Hoc|x64 = Ad-Hoc|x64
		Ad-Hoc|x86 = Ad-Hoc|x86
		AppStore|Any CPU = AppStore|Any CPU
		AppStore|ARM = AppStore|ARM
		AppStore|iPhone = AppStore|iPhone
		AppStore|iPhoneSimulator = AppStore|iPhoneSimulator
		AppStore|x64 = AppStore|x64
		AppStore|x86 = AppStore|x86
		Debug|Any CPU = Debug|Any CPU
		Debug|ARM = Debug|ARM
		Debug|iPhone = Debug|iPhone
		Debug|iPhoneSimulator = Debug|iPhoneSimulator
		Debug|x64 = Debug|x64
		Debug|x86 = Debug|x86
		Release|Any CPU = Release|Any CPU
		Release|ARM = Release|ARM
		Release|iPhone = Release|iPhone
		Release|iPhoneSimulator = Release|iPhoneSimulator
		Release|x64 = Release|x64
		Release|x86 = Release|x86
	EndGlobalSection
	GlobalSection(ProjectConfigurationPlatforms) = postSolution
		{35AB7534-7D15-4CB4-89FB-F23AB6383434}.Ad-Hoc|Any CPU.ActiveCfg = Release|Any CPU
		{35AB7534-7D15-4CB4-89FB-F23AB6383434}.Ad-Hoc|Any CPU.Build.0 = Release|Any CPU
		{35AB7534-7D15-4CB4-89FB-F23AB6383434}.Ad-Hoc|Any CPU.Deploy.0 = Release|Any CPU
		{35AB7534-7D15-4CB4-89FB-F23AB6383434}.Ad-Hoc|ARM.ActiveCfg = Release|Any CPU
		{35AB7534-7D15-4CB4-89FB-F23AB6383434}.Ad-Hoc|ARM.Build.0 = Release|Any CPU
		{35AB7534-7D15-4CB4-89FB-F23AB6383434}.Ad-Hoc|ARM.Deploy.0 = Release|Any CPU
		{35AB7534-7D15-4CB4-89FB-F23AB6383434}.Ad-Hoc|iPhone.ActiveCfg = Release|Any CPU
		{35AB7534-7D15-4CB4-89FB-F23AB6383434}.Ad-Hoc|iPhone.Build.0 = Release|Any CPU
		{35AB7534-7D15-4CB4-89FB-F23AB6383434}.Ad-Hoc|iPhone.Deploy.0 = Release|Any CPU
		{35AB7534-7D15-4CB4-89FB-F23AB6383434}.Ad-Hoc|iPhoneSimulator.ActiveCfg = Release|Any CPU
		{35AB7534-7D15-4CB4-89FB-F23AB6383434}.Ad-Hoc|iPhoneSimulator.Build.0 = Release|Any CPU
		{35AB7534-7D15-4CB4-89FB-F23AB6383434}.Ad-Hoc|iPhoneSimulator.Deploy.0 = Release|Any CPU
		{35AB7534-7D15-4CB4-89FB-F23AB6383434}.Ad-Hoc|x64.ActiveCfg = Release|Any CPU
		{35AB7534-7D15-4CB4-89FB-F23AB6383434}.Ad-Hoc|x64.Build.0 = Release|Any CPU
		{35AB7534-7D15-4CB4-89FB-F23AB6383434}.Ad-Hoc|x64.Deploy.0 = Release|Any CPU
		{35AB7534-7D15-4CB4-89FB-F23AB6383434}.Ad-Hoc|x86.ActiveCfg = Release|Any CPU
		{35AB7534-7D15-4CB4-89FB-F23AB6383434}.Ad-Hoc|x86.Build.0 = Release|Any CPU
		{35AB7534-7D15-4CB4-89FB-F23AB6383434}.Ad-Hoc|x86.Deploy.0 = Release|Any CPU
		{35AB7534-7D15-4CB4-89FB-F23AB6383434}.AppStore|Any CPU.ActiveCfg = Release|Any CPU
		{35AB7534-7D15-4CB4-89FB-F23AB6383434}.AppStore|Any CPU.Build.0 = Release|Any CPU
		{35AB7534-7D15-4CB4-89FB-F23AB6383434}.AppStore|Any CPU.Deploy.0 = Release|Any CPU
		{35AB7534-7D15-4CB4-89FB-F23AB6383434}.AppStore|ARM.ActiveCfg = Release|Any CPU
		{35AB7534-7D15-4CB4-89FB-F23AB6383434}.AppStore|ARM.Build.0 = Release|Any CPU
		{35AB7534-7D15-4CB4-89FB-F23AB6383434}.AppStore|ARM.Deploy.0 = Release|Any CPU
		{35AB7534-7D15-4CB4-89FB-F23AB6383434}.AppStore|iPhone.ActiveCfg = Release|Any CPU
		{35AB7534-7D15-4CB4-89FB-F23AB6383434}.AppStore|iPhone.Build.0 = Release|Any CPU
		{35AB7534-7D15-4CB4-89FB-F23AB6383434}.AppStore|iPhone.Deploy.0 = Release|Any CPU
		{35AB7534-7D15-4CB4-89FB-F23AB6383434}.AppStore|iPhoneSimulator.ActiveCfg = Release|Any CPU
		{35AB7534-7D15-4CB4-89FB-F23AB6383434}.AppStore|iPhoneSimulator.Build.0 = Release|Any CPU
		{35AB7534-7D15-4CB4-89FB-F23AB6383434}.AppStore|iPhoneSimulator.Deploy.0 = Release|Any CPU
		{35AB7534-7D15-4CB4-89FB-F23AB6383434}.AppStore|x64.ActiveCfg = Release|Any CPU
		{35AB7534-7D15-4CB4-89FB-F23AB6383434}.AppStore|x64.Build.0 = Release|Any CPU
		{35AB7534-7D15-4CB4-89FB-F23AB6383434}.AppStore|x64.Deploy.0 = Release|Any CPU
		{35AB7534-7D15-4CB4-89FB-F23AB6383434}.AppStore|x86.ActiveCfg = Release|Any CPU
		{35AB7534-7D15-4CB4-89FB-F23AB6383434}.AppStore|x86.Build.0 = Release|Any CPU
		{35AB7534-7D15-4CB4-89FB-F23AB6383434}.AppStore|x86.Deploy.0 = Release|Any CPU
		{35AB7534-7D15-4CB4-89FB-F23AB6383434}.Debug|Any CPU.ActiveCfg = Debug|Any CPU
		{35AB7534-7D15-4CB4-89FB-F23AB6383434}.Debug|Any CPU.Build.0 = Debug|Any CPU
		{35AB7534-7D15-4CB4-89FB-F23AB6383434}.Debug|Any CPU.Deploy.0 = Debug|Any CPU
		{35AB7534-7D15-4CB4-89FB-F23AB6383434}.Debug|ARM.ActiveCfg = Debug|Any CPU
		{35AB7534-7D15-4CB4-89FB-F23AB6383434}.Debug|ARM.Build.0 = Debug|Any CPU
		{35AB7534-7D15-4CB4-89FB-F23AB6383434}.Debug|ARM.Deploy.0 = Debug|Any CPU
		{35AB7534-7D15-4CB4-89FB-F23AB6383434}.Debug|iPhone.ActiveCfg = Debug|Any CPU
		{35AB7534-7D15-4CB4-89FB-F23AB6383434}.Debug|iPhone.Build.0 = Debug|Any CPU
		{35AB7534-7D15-4CB4-89FB-F23AB6383434}.Debug|iPhone.Deploy.0 = Debug|Any CPU
		{35AB7534-7D15-4CB4-89FB-F23AB6383434}.Debug|iPhoneSimulator.ActiveCfg = Debug|Any CPU
		{35AB7534-7D15-4CB4-89FB-F23AB6383434}.Debug|iPhoneSimulator.Build.0 = Debug|Any CPU
		{35AB7534-7D15-4CB4-89FB-F23AB6383434}.Debug|iPhoneSimulator.Deploy.0 = Debug|Any CPU
		{35AB7534-7D15-4CB4-89FB-F23AB6383434}.Debug|x64.ActiveCfg = Debug|Any CPU
		{35AB7534-7D15-4CB4-89FB-F23AB6383434}.Debug|x64.Build.0 = Debug|Any CPU
		{35AB7534-7D15-4CB4-89FB-F23AB6383434}.Debug|x64.Deploy.0 = Debug|Any CPU
		{35AB7534-7D15-4CB4-89FB-F23AB6383434}.Debug|x86.ActiveCfg = Debug|Any CPU
		{35AB7534-7D15-4CB4-89FB-F23AB6383434}.Debug|x86.Build.0 = Debug|Any CPU
		{35AB7534-7D15-4CB4-89FB-F23AB6383434}.Debug|x86.Deploy.0 = Debug|Any CPU
		{35AB7534-7D15-4CB4-89FB-F23AB6383434}.Release|Any CPU.ActiveCfg = Release|Any CPU
		{35AB7534-7D15-4CB4-89FB-F23AB6383434}.Release|Any CPU.Build.0 = Release|Any CPU
		{35AB7534-7D15-4CB4-89FB-F23AB6383434}.Release|Any CPU.Deploy.0 = Release|Any CPU
		{35AB7534-7D15-4CB4-89FB-F23AB6383434}.Release|ARM.ActiveCfg = Release|Any CPU
		{35AB7534-7D15-4CB4-89FB-F23AB6383434}.Release|ARM.Build.0 = Release|Any CPU
		{35AB7534-7D15-4CB4-89FB-F23AB6383434}.Release|ARM.Deploy.0 = Release|Any CPU
		{35AB7534-7D15-4CB4-89FB-F23AB6383434}.Release|iPhone.ActiveCfg = Release|Any CPU
		{35AB7534-7D15-4CB4-89FB-F23AB6383434}.Release|iPhone.Build.0 = Release|Any CPU
		{35AB7534-7D15-4CB4-89FB-F23AB6383434}.Release|iPhone.Deploy.0 = Release|Any CPU
		{35AB7534-7D15-4CB4-89FB-F23AB6383434}.Release|iPhoneSimulator.ActiveCfg = Release|Any CPU
		{35AB7534-7D15-4CB4-89FB-F23AB6383434}.Release|iPhoneSimulator.Build.0 = Release|Any CPU
		{35AB7534-7D15-4CB4-89FB-F23AB6383434}.Release|iPhoneSimulator.Deploy.0 = Release|Any CPU
		{35AB7534-7D15-4CB4-89FB-F23AB6383434}.Release|x64.ActiveCfg = Release|Any CPU
		{35AB7534-7D15-4CB4-89FB-F23AB6383434}.Release|x64.Build.0 = Release|Any CPU
		{35AB7534-7D15-4CB4-89FB-F23AB6383434}.Release|x64.Deploy.0 = Release|Any CPU
		{35AB7534-7D15-4CB4-89FB-F23AB6383434}.Release|x86.ActiveCfg = Release|Any CPU
		{35AB7534-7D15-4CB4-89FB-F23AB6383434}.Release|x86.Build.0 = Release|Any CPU
		{35AB7534-7D15-4CB4-89FB-F23AB6383434}.Release|x86.Deploy.0 = Release|Any CPU
		{7A3737C9-7D5C-4442-A38F-BC6DDA66294E}.Ad-Hoc|Any CPU.ActiveCfg = Ad-Hoc|iPhone
		{7A3737C9-7D5C-4442-A38F-BC6DDA66294E}.Ad-Hoc|ARM.ActiveCfg = Ad-Hoc|iPhone
		{7A3737C9-7D5C-4442-A38F-BC6DDA66294E}.Ad-Hoc|iPhone.ActiveCfg = Ad-Hoc|iPhone
		{7A3737C9-7D5C-4442-A38F-BC6DDA66294E}.Ad-Hoc|iPhone.Build.0 = Ad-Hoc|iPhone
		{7A3737C9-7D5C-4442-A38F-BC6DDA66294E}.Ad-Hoc|iPhoneSimulator.ActiveCfg = Ad-Hoc|iPhoneSimulator
		{7A3737C9-7D5C-4442-A38F-BC6DDA66294E}.Ad-Hoc|iPhoneSimulator.Build.0 = Ad-Hoc|iPhoneSimulator
		{7A3737C9-7D5C-4442-A38F-BC6DDA66294E}.Ad-Hoc|x64.ActiveCfg = Ad-Hoc|iPhone
		{7A3737C9-7D5C-4442-A38F-BC6DDA66294E}.Ad-Hoc|x86.ActiveCfg = Ad-Hoc|iPhone
		{7A3737C9-7D5C-4442-A38F-BC6DDA66294E}.AppStore|Any CPU.ActiveCfg = AppStore|iPhone
		{7A3737C9-7D5C-4442-A38F-BC6DDA66294E}.AppStore|ARM.ActiveCfg = AppStore|iPhone
		{7A3737C9-7D5C-4442-A38F-BC6DDA66294E}.AppStore|iPhone.ActiveCfg = AppStore|iPhone
		{7A3737C9-7D5C-4442-A38F-BC6DDA66294E}.AppStore|iPhone.Build.0 = AppStore|iPhone
		{7A3737C9-7D5C-4442-A38F-BC6DDA66294E}.AppStore|iPhoneSimulator.ActiveCfg = AppStore|iPhoneSimulator
		{7A3737C9-7D5C-4442-A38F-BC6DDA66294E}.AppStore|iPhoneSimulator.Build.0 = AppStore|iPhoneSimulator
		{7A3737C9-7D5C-4442-A38F-BC6DDA66294E}.AppStore|x64.ActiveCfg = AppStore|iPhone
		{7A3737C9-7D5C-4442-A38F-BC6DDA66294E}.AppStore|x86.ActiveCfg = AppStore|iPhone
		{7A3737C9-7D5C-4442-A38F-BC6DDA66294E}.Debug|Any CPU.ActiveCfg = Debug|iPhone
		{7A3737C9-7D5C-4442-A38F-BC6DDA66294E}.Debug|ARM.ActiveCfg = Debug|iPhone
		{7A3737C9-7D5C-4442-A38F-BC6DDA66294E}.Debug|iPhone.ActiveCfg = Debug|iPhone
		{7A3737C9-7D5C-4442-A38F-BC6DDA66294E}.Debug|iPhone.Build.0 = Debug|iPhone
		{7A3737C9-7D5C-4442-A38F-BC6DDA66294E}.Debug|iPhoneSimulator.ActiveCfg = Debug|iPhoneSimulator
		{7A3737C9-7D5C-4442-A38F-BC6DDA66294E}.Debug|iPhoneSimulator.Build.0 = Debug|iPhoneSimulator
		{7A3737C9-7D5C-4442-A38F-BC6DDA66294E}.Debug|x64.ActiveCfg = Debug|iPhone
		{7A3737C9-7D5C-4442-A38F-BC6DDA66294E}.Debug|x86.ActiveCfg = Debug|iPhone
		{7A3737C9-7D5C-4442-A38F-BC6DDA66294E}.Release|Any CPU.ActiveCfg = Release|iPhone
		{7A3737C9-7D5C-4442-A38F-BC6DDA66294E}.Release|ARM.ActiveCfg = Release|iPhone
		{7A3737C9-7D5C-4442-A38F-BC6DDA66294E}.Release|iPhone.ActiveCfg = Release|iPhone
		{7A3737C9-7D5C-4442-A38F-BC6DDA66294E}.Release|iPhone.Build.0 = Release|iPhone
		{7A3737C9-7D5C-4442-A38F-BC6DDA66294E}.Release|iPhoneSimulator.ActiveCfg = Release|iPhoneSimulator
		{7A3737C9-7D5C-4442-A38F-BC6DDA66294E}.Release|iPhoneSimulator.Build.0 = Release|iPhoneSimulator
		{7A3737C9-7D5C-4442-A38F-BC6DDA66294E}.Release|x64.ActiveCfg = Release|iPhone
		{7A3737C9-7D5C-4442-A38F-BC6DDA66294E}.Release|x86.ActiveCfg = Release|iPhone
		{CA7B8155-E548-4559-BB42-1791EBCE5C24}.Ad-Hoc|Any CPU.ActiveCfg = Release|x86
		{CA7B8155-E548-4559-BB42-1791EBCE5C24}.Ad-Hoc|Any CPU.Build.0 = Release|x86
		{CA7B8155-E548-4559-BB42-1791EBCE5C24}.Ad-Hoc|Any CPU.Deploy.0 = Release|x86
		{CA7B8155-E548-4559-BB42-1791EBCE5C24}.Ad-Hoc|ARM.ActiveCfg = Release|ARM
		{CA7B8155-E548-4559-BB42-1791EBCE5C24}.Ad-Hoc|ARM.Build.0 = Release|ARM
		{CA7B8155-E548-4559-BB42-1791EBCE5C24}.Ad-Hoc|ARM.Deploy.0 = Release|ARM
		{CA7B8155-E548-4559-BB42-1791EBCE5C24}.Ad-Hoc|iPhone.ActiveCfg = Release|x86
		{CA7B8155-E548-4559-BB42-1791EBCE5C24}.Ad-Hoc|iPhone.Build.0 = Release|x86
		{CA7B8155-E548-4559-BB42-1791EBCE5C24}.Ad-Hoc|iPhone.Deploy.0 = Release|x86
		{CA7B8155-E548-4559-BB42-1791EBCE5C24}.Ad-Hoc|iPhoneSimulator.ActiveCfg = Release|x86
		{CA7B8155-E548-4559-BB42-1791EBCE5C24}.Ad-Hoc|iPhoneSimulator.Build.0 = Release|x86
		{CA7B8155-E548-4559-BB42-1791EBCE5C24}.Ad-Hoc|iPhoneSimulator.Deploy.0 = Release|x86
		{CA7B8155-E548-4559-BB42-1791EBCE5C24}.Ad-Hoc|x64.ActiveCfg = Release|x64
		{CA7B8155-E548-4559-BB42-1791EBCE5C24}.Ad-Hoc|x64.Build.0 = Release|x64
		{CA7B8155-E548-4559-BB42-1791EBCE5C24}.Ad-Hoc|x64.Deploy.0 = Release|x64
		{CA7B8155-E548-4559-BB42-1791EBCE5C24}.Ad-Hoc|x86.ActiveCfg = Release|x86
		{CA7B8155-E548-4559-BB42-1791EBCE5C24}.Ad-Hoc|x86.Build.0 = Release|x86
		{CA7B8155-E548-4559-BB42-1791EBCE5C24}.Ad-Hoc|x86.Deploy.0 = Release|x86
		{CA7B8155-E548-4559-BB42-1791EBCE5C24}.AppStore|Any CPU.ActiveCfg = Release|x86
		{CA7B8155-E548-4559-BB42-1791EBCE5C24}.AppStore|Any CPU.Build.0 = Release|x86
		{CA7B8155-E548-4559-BB42-1791EBCE5C24}.AppStore|Any CPU.Deploy.0 = Release|x86
		{CA7B8155-E548-4559-BB42-1791EBCE5C24}.AppStore|ARM.ActiveCfg = Release|ARM
		{CA7B8155-E548-4559-BB42-1791EBCE5C24}.AppStore|ARM.Build.0 = Release|ARM
		{CA7B8155-E548-4559-BB42-1791EBCE5C24}.AppStore|ARM.Deploy.0 = Release|ARM
		{CA7B8155-E548-4559-BB42-1791EBCE5C24}.AppStore|iPhone.ActiveCfg = Release|x86
		{CA7B8155-E548-4559-BB42-1791EBCE5C24}.AppStore|iPhone.Build.0 = Release|x86
		{CA7B8155-E548-4559-BB42-1791EBCE5C24}.AppStore|iPhone.Deploy.0 = Release|x86
		{CA7B8155-E548-4559-BB42-1791EBCE5C24}.AppStore|iPhoneSimulator.ActiveCfg = Release|x86
		{CA7B8155-E548-4559-BB42-1791EBCE5C24}.AppStore|iPhoneSimulator.Build.0 = Release|x86
		{CA7B8155-E548-4559-BB42-1791EBCE5C24}.AppStore|iPhoneSimulator.Deploy.0 = Release|x86
		{CA7B8155-E548-4559-BB42-1791EBCE5C24}.AppStore|x64.ActiveCfg = Release|x64
		{CA7B8155-E548-4559-BB42-1791EBCE5C24}.AppStore|x64.Build.0 = Release|x64
		{CA7B8155-E548-4559-BB42-1791EBCE5C24}.AppStore|x64.Deploy.0 = Release|x64
		{CA7B8155-E548-4559-BB42-1791EBCE5C24}.AppStore|x86.ActiveCfg = Release|x86
		{CA7B8155-E548-4559-BB42-1791EBCE5C24}.AppStore|x86.Build.0 = Release|x86
		{CA7B8155-E548-4559-BB42-1791EBCE5C24}.AppStore|x86.Deploy.0 = Release|x86
		{CA7B8155-E548-4559-BB42-1791EBCE5C24}.Debug|Any CPU.ActiveCfg = Debug|x86
		{CA7B8155-E548-4559-BB42-1791EBCE5C24}.Debug|ARM.ActiveCfg = Debug|ARM
		{CA7B8155-E548-4559-BB42-1791EBCE5C24}.Debug|ARM.Build.0 = Debug|ARM
		{CA7B8155-E548-4559-BB42-1791EBCE5C24}.Debug|ARM.Deploy.0 = Debug|ARM
		{CA7B8155-E548-4559-BB42-1791EBCE5C24}.Debug|iPhone.ActiveCfg = Debug|x86
		{CA7B8155-E548-4559-BB42-1791EBCE5C24}.Debug|iPhoneSimulator.ActiveCfg = Debug|x86
		{CA7B8155-E548-4559-BB42-1791EBCE5C24}.Debug|x64.ActiveCfg = Debug|x64
		{CA7B8155-E548-4559-BB42-1791EBCE5C24}.Debug|x64.Build.0 = Debug|x64
		{CA7B8155-E548-4559-BB42-1791EBCE5C24}.Debug|x64.Deploy.0 = Debug|x64
		{CA7B8155-E548-4559-BB42-1791EBCE5C24}.Debug|x86.ActiveCfg = Debug|x86
		{CA7B8155-E548-4559-BB42-1791EBCE5C24}.Debug|x86.Build.0 = Debug|x86
		{CA7B8155-E548-4559-BB42-1791EBCE5C24}.Debug|x86.Deploy.0 = Debug|x86
		{CA7B8155-E548-4559-BB42-1791EBCE5C24}.Release|Any CPU.ActiveCfg = Release|x86
		{CA7B8155-E548-4559-BB42-1791EBCE5C24}.Release|ARM.ActiveCfg = Release|ARM
		{CA7B8155-E548-4559-BB42-1791EBCE5C24}.Release|ARM.Build.0 = Release|ARM
		{CA7B8155-E548-4559-BB42-1791EBCE5C24}.Release|ARM.Deploy.0 = Release|ARM
		{CA7B8155-E548-4559-BB42-1791EBCE5C24}.Release|iPhone.ActiveCfg = Release|x86
		{CA7B8155-E548-4559-BB42-1791EBCE5C24}.Release|iPhoneSimulator.ActiveCfg = Release|x86
		{CA7B8155-E548-4559-BB42-1791EBCE5C24}.Release|x64.ActiveCfg = Release|x64
		{CA7B8155-E548-4559-BB42-1791EBCE5C24}.Release|x64.Build.0 = Release|x64
		{CA7B8155-E548-4559-BB42-1791EBCE5C24}.Release|x64.Deploy.0 = Release|x64
		{CA7B8155-E548-4559-BB42-1791EBCE5C24}.Release|x86.ActiveCfg = Release|x86
		{CA7B8155-E548-4559-BB42-1791EBCE5C24}.Release|x86.Build.0 = Release|x86
		{CA7B8155-E548-4559-BB42-1791EBCE5C24}.Release|x86.Deploy.0 = Release|x86
		{C1FEC958-41C2-463D-B7C0-65D74CC5B4F2}.Ad-Hoc|Any CPU.ActiveCfg = Debug|Any CPU
		{C1FEC958-41C2-463D-B7C0-65D74CC5B4F2}.Ad-Hoc|Any CPU.Build.0 = Debug|Any CPU
		{C1FEC958-41C2-463D-B7C0-65D74CC5B4F2}.Ad-Hoc|ARM.ActiveCfg = Debug|Any CPU
		{C1FEC958-41C2-463D-B7C0-65D74CC5B4F2}.Ad-Hoc|ARM.Build.0 = Debug|Any CPU
		{C1FEC958-41C2-463D-B7C0-65D74CC5B4F2}.Ad-Hoc|iPhone.ActiveCfg = Debug|Any CPU
		{C1FEC958-41C2-463D-B7C0-65D74CC5B4F2}.Ad-Hoc|iPhone.Build.0 = Debug|Any CPU
		{C1FEC958-41C2-463D-B7C0-65D74CC5B4F2}.Ad-Hoc|iPhoneSimulator.ActiveCfg = Debug|Any CPU
		{C1FEC958-41C2-463D-B7C0-65D74CC5B4F2}.Ad-Hoc|iPhoneSimulator.Build.0 = Debug|Any CPU
		{C1FEC958-41C2-463D-B7C0-65D74CC5B4F2}.Ad-Hoc|x64.ActiveCfg = Debug|Any CPU
		{C1FEC958-41C2-463D-B7C0-65D74CC5B4F2}.Ad-Hoc|x64.Build.0 = Debug|Any CPU
		{C1FEC958-41C2-463D-B7C0-65D74CC5B4F2}.Ad-Hoc|x86.ActiveCfg = Debug|Any CPU
		{C1FEC958-41C2-463D-B7C0-65D74CC5B4F2}.Ad-Hoc|x86.Build.0 = Debug|Any CPU
		{C1FEC958-41C2-463D-B7C0-65D74CC5B4F2}.AppStore|Any CPU.ActiveCfg = Debug|Any CPU
		{C1FEC958-41C2-463D-B7C0-65D74CC5B4F2}.AppStore|Any CPU.Build.0 = Debug|Any CPU
		{C1FEC958-41C2-463D-B7C0-65D74CC5B4F2}.AppStore|ARM.ActiveCfg = Debug|Any CPU
		{C1FEC958-41C2-463D-B7C0-65D74CC5B4F2}.AppStore|ARM.Build.0 = Debug|Any CPU
		{C1FEC958-41C2-463D-B7C0-65D74CC5B4F2}.AppStore|iPhone.ActiveCfg = Debug|Any CPU
		{C1FEC958-41C2-463D-B7C0-65D74CC5B4F2}.AppStore|iPhone.Build.0 = Debug|Any CPU
		{C1FEC958-41C2-463D-B7C0-65D74CC5B4F2}.AppStore|iPhoneSimulator.ActiveCfg = Debug|Any CPU
		{C1FEC958-41C2-463D-B7C0-65D74CC5B4F2}.AppStore|iPhoneSimulator.Build.0 = Debug|Any CPU
		{C1FEC958-41C2-463D-B7C0-65D74CC5B4F2}.AppStore|x64.ActiveCfg = Debug|Any CPU
		{C1FEC958-41C2-463D-B7C0-65D74CC5B4F2}.AppStore|x64.Build.0 = Debug|Any CPU
		{C1FEC958-41C2-463D-B7C0-65D74CC5B4F2}.AppStore|x86.ActiveCfg = Debug|Any CPU
		{C1FEC958-41C2-463D-B7C0-65D74CC5B4F2}.AppStore|x86.Build.0 = Debug|Any CPU
		{C1FEC958-41C2-463D-B7C0-65D74CC5B4F2}.Debug|Any CPU.ActiveCfg = Debug|Any CPU
		{C1FEC958-41C2-463D-B7C0-65D74CC5B4F2}.Debug|Any CPU.Build.0 = Debug|Any CPU
		{C1FEC958-41C2-463D-B7C0-65D74CC5B4F2}.Debug|ARM.ActiveCfg = Debug|Any CPU
		{C1FEC958-41C2-463D-B7C0-65D74CC5B4F2}.Debug|ARM.Build.0 = Debug|Any CPU
		{C1FEC958-41C2-463D-B7C0-65D74CC5B4F2}.Debug|iPhone.ActiveCfg = Debug|Any CPU
		{C1FEC958-41C2-463D-B7C0-65D74CC5B4F2}.Debug|iPhone.Build.0 = Debug|Any CPU
		{C1FEC958-41C2-463D-B7C0-65D74CC5B4F2}.Debug|iPhoneSimulator.ActiveCfg = Debug|Any CPU
		{C1FEC958-41C2-463D-B7C0-65D74CC5B4F2}.Debug|iPhoneSimulator.Build.0 = Debug|Any CPU
		{C1FEC958-41C2-463D-B7C0-65D74CC5B4F2}.Debug|x64.ActiveCfg = Debug|Any CPU
		{C1FEC958-41C2-463D-B7C0-65D74CC5B4F2}.Debug|x64.Build.0 = Debug|Any CPU
		{C1FEC958-41C2-463D-B7C0-65D74CC5B4F2}.Debug|x86.ActiveCfg = Debug|Any CPU
		{C1FEC958-41C2-463D-B7C0-65D74CC5B4F2}.Debug|x86.Build.0 = Debug|Any CPU
		{C1FEC958-41C2-463D-B7C0-65D74CC5B4F2}.Release|Any CPU.ActiveCfg = Release|Any CPU
		{C1FEC958-41C2-463D-B7C0-65D74CC5B4F2}.Release|Any CPU.Build.0 = Release|Any CPU
		{C1FEC958-41C2-463D-B7C0-65D74CC5B4F2}.Release|ARM.ActiveCfg = Release|Any CPU
		{C1FEC958-41C2-463D-B7C0-65D74CC5B4F2}.Release|ARM.Build.0 = Release|Any CPU
		{C1FEC958-41C2-463D-B7C0-65D74CC5B4F2}.Release|iPhone.ActiveCfg = Release|Any CPU
		{C1FEC958-41C2-463D-B7C0-65D74CC5B4F2}.Release|iPhone.Build.0 = Release|Any CPU
		{C1FEC958-41C2-463D-B7C0-65D74CC5B4F2}.Release|iPhoneSimulator.ActiveCfg = Release|Any CPU
		{C1FEC958-41C2-463D-B7C0-65D74CC5B4F2}.Release|iPhoneSimulator.Build.0 = Release|Any CPU
		{C1FEC958-41C2-463D-B7C0-65D74CC5B4F2}.Release|x64.ActiveCfg = Release|Any CPU
		{C1FEC958-41C2-463D-B7C0-65D74CC5B4F2}.Release|x64.Build.0 = Release|Any CPU
		{C1FEC958-41C2-463D-B7C0-65D74CC5B4F2}.Release|x86.ActiveCfg = Release|Any CPU
		{C1FEC958-41C2-463D-B7C0-65D74CC5B4F2}.Release|x86.Build.0 = Release|Any CPU
	EndGlobalSection
	GlobalSection(SolutionProperties) = preSolution
		HideSolutionNode = FALSE
	EndGlobalSection
	GlobalSection(ExtensibilityGlobals) = postSolution
		SolutionGuid = {1F9C43A4-B4CC-4FA1-A61A-4908AABE12CB}
	EndGlobalSection
EndGlobal
